
Microsoft Visual Studio Solution File, Format Version 12.00
# Visual Studio Version 16
VisualStudioVersion = 16.0.29728.190
MinimumVisualStudioVersion = 10.0.40219.1
Project("{9A19103F-16F7-4668-BE54-9A1E7A4F7556}") = "OnlineBookstore.MVC", "OnlineBookstore.MVC\OnlineBookstore.MVC.csproj", "{C0EAEA06-EBF1-4FE5-9B38-E4F027CF40E6}"
EndProject
Project("{9A19103F-16F7-4668-BE54-9A1E7A4F7556}") = "Products.API", "Products.API\Products.API.csproj", "{EDE6C4DF-28E5-4016-804E-043C1FAEB580}"
EndProject
Global
	GlobalSection(SolutionConfigurationPlatforms) = preSolution
		Debug|Any CPU = Debug|Any CPU
		Release|Any CPU = Release|Any CPU
	EndGlobalSection
	GlobalSection(ProjectConfigurationPlatforms) = postSolution
		{C0EAEA06-EBF1-4FE5-9B38-E4F027CF40E6}.Debug|Any CPU.ActiveCfg = Debug|Any CPU
		{C0EAEA06-EBF1-4FE5-9B38-E4F027CF40E6}.Debug|Any CPU.Build.0 = Debug|Any CPU
		{C0EAEA06-EBF1-4FE5-9B38-E4F027CF40E6}.Release|Any CPU.ActiveCfg = Release|Any CPU
		{C0EAEA06-EBF1-4FE5-9B38-E4F027CF40E6}.Release|Any CPU.Build.0 = Release|Any CPU
		{EDE6C4DF-28E5-4016-804E-043C1FAEB580}.Debug|Any CPU.ActiveCfg = Debug|Any CPU
		{EDE6C4DF-28E5-4016-804E-043C1FAEB580}.Debug|Any CPU.Build.0 = Debug|Any CPU
		{EDE6C4DF-28E5-4016-804E-043C1FAEB580}.Release|Any CPU.ActiveCfg = Release|Any CPU
		{EDE6C4DF-28E5-4016-804E-043C1FAEB580}.Release|Any CPU.Build.0 = Release|Any CPU
	EndGlobalSection
	GlobalSection(SolutionProperties) = preSolution
		HideSolutionNode = FALSE
	EndGlobalSection
	GlobalSection(ExtensibilityGlobals) = postSolution
		SolutionGuid = {0F8862D1-9969-4A96-BFA6-E9755385A52E}
	EndGlobalSection
EndGlobal
